# This file is automatically @generated by Poetry 1.8.5 and should not be changed by hand.

[[package]]
name = "pybinpatch"
version = "1.1.1"
description = "Binary diff and patch lib"
optional = false
python-versions = "<4.0,>=3.11"
files = [
    {file = "pybinpatch-1.1.1-py3-none-any.whl", hash = "sha256:f4de3a3dd0dbc1afa0eac7810ac9e2d3ac92961e5ac0c2a0c1db7a5ffcec3368"},
    {file = "pybinpatch-1.1.1.tar.gz", hash = "sha256:f2988fc8c0f97c991f399e016ec365103aa5408449252f9528ad19e59386a62f"},
]

[metadata]
lock-version = "2.0"
python-versions = "^3.11"
content-hash = "51b7a8fa3008cd73d6e2f28bcfcc71932574cc219def54a67c9179e186bea380"
