# This file is automatically @generated by Poetry 1.8.5 and should not be changed by hand.

[[package]]
name = "pybinpatch"
version = "1.0.5"
description = "Binary diff and patch lib"
optional = false
python-versions = "<4.0,>=3.11"
files = [
    {file = "pybinpatch-1.0.5-py3-none-any.whl", hash = "sha256:9357dc12a444f8e208f7df211e832e4008cdf57589610c525acaa971e1111295"},
    {file = "pybinpatch-1.0.5.tar.gz", hash = "sha256:bf6a5b008fa4b09f238088e5d608dfe2881bc90c2c4ec503c7dcbf1cdb6591fd"},
]

[metadata]
lock-version = "2.0"
python-versions = "^3.11"
content-hash = "7d92e0eb475066de6b0d3f5a521dfe393308d8829cd64f3253054c768ee58c94"
