# This file is automatically @generated by Poetry 1.8.5 and should not be changed by hand.

[[package]]
name = "pybinpatch"
version = "1.0.8"
description = "Binary diff and patch lib"
optional = false
python-versions = "^3.11"
files = []
develop = false

[package.source]
type = "git"
url = "https://github.com/Merculous/PyBinPatch"
reference = "update"
resolved_reference = "cf186e5f27529e95bcb5eb9624fababf867b439e"

[metadata]
lock-version = "2.0"
python-versions = "^3.11"
content-hash = "1ffda0e50398590c4b4114ef9431db0e42d0758a9843a4f726f27f125ea3a480"
